{
    "name": "dissertation-registration",
    "version": "1.0.0",
    "lockfileVersion": 3,
    "requires": true,
    "packages": {
        "": {
            "name": "dissertation-registration",
            "version": "1.0.0",
            "dependencies": {
                "dissertation-registration": "file:"
            }
        },
        "node_modules/dissertation-registration": {
            "resolved": "",
            "link": true
        }
    }
}
